
Microsoft Visual Studio Solution File, Format Version 12.00
# Visual Studio Version 17
VisualStudioVersion = 17.1.32414.318
MinimumVisualStudioVersion = 10.0.40219.1
Project("{FAE04EC0-301F-11D3-BF4B-00C04F79EFBC}") = "EX_32_02_iida", "EX_32_02_iida\EX_32_02_iida.csproj", "{789F2F77-1816-41DC-BC8A-AFD0610A0AEA}"
EndProject
Global
	GlobalSection(SolutionConfigurationPlatforms) = preSolution
		Debug|Any CPU = Debug|Any CPU
		Release|Any CPU = Release|Any CPU
	EndGlobalSection
	GlobalSection(ProjectConfigurationPlatforms) = postSolution
		{789F2F77-1816-41DC-BC8A-AFD0610A0AEA}.Debug|Any CPU.ActiveCfg = Debug|Any CPU
		{789F2F77-1816-41DC-BC8A-AFD0610A0AEA}.Debug|Any CPU.Build.0 = Debug|Any CPU
		{789F2F77-1816-41DC-BC8A-AFD0610A0AEA}.Release|Any CPU.ActiveCfg = Release|Any CPU
		{789F2F77-1816-41DC-BC8A-AFD0610A0AEA}.Release|Any CPU.Build.0 = Release|Any CPU
	EndGlobalSection
	GlobalSection(SolutionProperties) = preSolution
		HideSolutionNode = FALSE
	EndGlobalSection
	GlobalSection(ExtensibilityGlobals) = postSolution
		SolutionGuid = {150A3054-AAC9-499B-9287-2AA8C328CF1C}
	EndGlobalSection
EndGlobal
